
Microsoft Visual Studio Solution File, Format Version 12.00
# Visual Studio 15
VisualStudioVersion = 15.0.28307.329
MinimumVisualStudioVersion = 10.0.40219.1
Project("{FAE04EC0-301F-11D3-BF4B-00C04F79EFBC}") = "ConnectedLevelHomeWork2", "ConnectedLevelHomeWork2\ConnectedLevelHomeWork2.csproj", "{6C646A26-4B5F-4A25-BE9E-EA3CF54549BA}"
EndProject
Global
	GlobalSection(SolutionConfigurationPlatforms) = preSolution
		Debug|Any CPU = Debug|Any CPU
		Release|Any CPU = Release|Any CPU
	EndGlobalSection
	GlobalSection(ProjectConfigurationPlatforms) = postSolution
		{6C646A26-4B5F-4A25-BE9E-EA3CF54549BA}.Debug|Any CPU.ActiveCfg = Debug|Any CPU
		{6C646A26-4B5F-4A25-BE9E-EA3CF54549BA}.Debug|Any CPU.Build.0 = Debug|Any CPU
		{6C646A26-4B5F-4A25-BE9E-EA3CF54549BA}.Release|Any CPU.ActiveCfg = Release|Any CPU
		{6C646A26-4B5F-4A25-BE9E-EA3CF54549BA}.Release|Any CPU.Build.0 = Release|Any CPU
	EndGlobalSection
	GlobalSection(SolutionProperties) = preSolution
		HideSolutionNode = FALSE
	EndGlobalSection
	GlobalSection(ExtensibilityGlobals) = postSolution
		SolutionGuid = {5460F12C-5F9B-4C3D-BA41-995D87F161A3}
	EndGlobalSection
EndGlobal
